{
    "_readme": [
        "This file locks the dependencies of your project to a known state",
        "Read more about it at https://getcomposer.org/doc/01-basic-usage.md#installing-dependencies",
        "This file is @generated automatically"
    ],
    "content-hash": "6891f8f93c04ce42733762c7a09542df",
    "packages": [
        {
            "name": "ichtrojan/laravel-otp",
            "version": "v2.0.0",
            "source": {
                "type": "git",
                "url": "https://github.com/ichtrojan/laravel-otp.git",
                "reference": "0c12316ccf6f051cac81d6be418ad6f68689d4b9"
            },
            "dist": {
                "type": "zip",
                "url": "https://api.github.com/repos/ichtrojan/laravel-otp/zipball/0c12316ccf6f051cac81d6be418ad6f68689d4b9",
                "reference": "0c12316ccf6f051cac81d6be418ad6f68689d4b9",
                "shasum": ""
            },
            "type": "library",
            "extra": {
                "laravel": {
                    "providers": [
                        "Ichtrojan\\Otp\\OtpServiceProvider"
                    ],
                    "aliases": {
                        "Otp": "Ichtrojan\\Otp\\Otp"
                    }
                }
            },
            "autoload": {
                "psr-4": {
                    "Ichtrojan\\Otp\\": "src/"
                }
            },
            "notification-url": "https://packagist.org/downloads/",
            "license": [
                "MIT"
            ],
            "authors": [
                {
                    "name": "Michael Okoh",
                    "email": "michael@okoh.co.uk"
                }
            ],
            "description": "A simple package to generate and validate OTPs",
            "support": {
                "issues": "https://github.com/ichtrojan/laravel-otp/issues",
                "source": "https://github.com/ichtrojan/laravel-otp/tree/v2.0.0"
            },
            "time": "2023-12-24T22:16:55+00:00"
        }
    ],
    "packages-dev": [],
    "aliases": [],
    "minimum-stability": "stable",
    "stability-flags": [],
    "prefer-stable": false,
    "prefer-lowest": false,
    "platform": [],
    "platform-dev": [],
    "plugin-api-version": "2.3.0"
}
